
Microsoft Visual Studio Solution File, Format Version 12.00
# Visual Studio Version 17
VisualStudioVersion = 17.2.32630.192
MinimumVisualStudioVersion = 10.0.40219.1
Project("{9A19103F-16F7-4668-BE54-9A1E7A4F7556}") = "Api", "Api\Api.csproj", "{0C7A9EBB-8879-4399-8A4D-022958BA7051}"
EndProject
Project("{FAE04EC0-301F-11D3-BF4B-00C04F79EFBC}") = "Api.Tests", "Api.Tests\Api.Tests.csproj", "{89941CAD-76D4-41B8-976F-2E56BED7764A}"
EndProject
Global
	GlobalSection(SolutionConfigurationPlatforms) = preSolution
		Debug|Any CPU = Debug|Any CPU
		Release|Any CPU = Release|Any CPU
	EndGlobalSection
	GlobalSection(ProjectConfigurationPlatforms) = postSolution
		{0C7A9EBB-8879-4399-8A4D-022958BA7051}.Debug|Any CPU.ActiveCfg = Debug|Any CPU
		{0C7A9EBB-8879-4399-8A4D-022958BA7051}.Debug|Any CPU.Build.0 = Debug|Any CPU
		{0C7A9EBB-8879-4399-8A4D-022958BA7051}.Release|Any CPU.ActiveCfg = Release|Any CPU
		{0C7A9EBB-8879-4399-8A4D-022958BA7051}.Release|Any CPU.Build.0 = Release|Any CPU
		{89941CAD-76D4-41B8-976F-2E56BED7764A}.Debug|Any CPU.ActiveCfg = Debug|Any CPU
		{89941CAD-76D4-41B8-976F-2E56BED7764A}.Debug|Any CPU.Build.0 = Debug|Any CPU
		{89941CAD-76D4-41B8-976F-2E56BED7764A}.Release|Any CPU.ActiveCfg = Release|Any CPU
		{89941CAD-76D4-41B8-976F-2E56BED7764A}.Release|Any CPU.Build.0 = Release|Any CPU
	EndGlobalSection
	GlobalSection(SolutionProperties) = preSolution
		HideSolutionNode = FALSE
	EndGlobalSection
	GlobalSection(ExtensibilityGlobals) = postSolution
		SolutionGuid = {3919BB00-892E-4627-9776-CCE4DEE8F0E7}
	EndGlobalSection
EndGlobal
